{
  "name": "asp.net",
  "version": "1.0.0",
  "lockfileVersion": 1,
  "requires": true,
  "dependencies": {
    "idb": {
      "version": "4.0.5",
      "resolved": "https://registry.npmjs.org/idb/-/idb-4.0.5.tgz",
      "integrity": "sha512-P+Fk9HT2h1DhXoE1YNK183SY+CRh2GHNh28de94sGwhe0bUA75JJeVJWt3SenE5p0BXK7maflIq29dl6UZHrFw=="
    },
    "js-clipper": {
      "version": "1.0.1",
      "resolved": "https://registry.npmjs.org/js-clipper/-/js-clipper-1.0.1.tgz",
      "integrity": "sha512-0XYAS0ZoCki5K0fWwj8j8ug4mgxHXReW3ayPbVqr4zXPJuIs2pyvemL1sALadsEiAywZwW5Ify1XfU4bNJvokg=="
    },
    "leaflet": {
      "version": "1.8.0",
      "resolved": "https://registry.npmjs.org/leaflet/-/leaflet-1.8.0.tgz",
      "integrity": "sha512-gwhMjFCQiYs3x/Sf+d49f10ERXaEFCPr+nVTryhAW8DWbMGqJqt9G4XuIaHmFW08zYvhgdzqXGr8AlW8v8dQkA=="
    },
    "leaflet-overpass-layer": {
      "version": "2.9.0",
      "resolved": "https://registry.npmjs.org/leaflet-overpass-layer/-/leaflet-overpass-layer-2.9.0.tgz",
      "integrity": "sha512-r6V4qfTp4yXhjeRu07wyRFg3cJh+ZdL/zqDVdHd6MdqZDnBjbDhV/NwstTMz1kP6PwXckOPDD5aWtkogfron1g==",
      "requires": {
        "idb": "^4.0.5",
        "js-clipper": "^1.0.1",
        "leaflet": "^1.2.0"
      }
    }
  }
}
